
Microsoft Visual Studio Solution File, Format Version 12.00
# Visual Studio 2013
VisualStudioVersion = 12.0.40629.0
MinimumVisualStudioVersion = 10.0.40219.1
Project("{FAE04EC0-301F-11D3-BF4B-00C04F79EFBC}") = "WindowsFormsApplication1", "WindowsFormsApplication1\WindowsFormsApplication1.csproj", "{79647CC5-C2C8-40D6-8114-7A34317404A4}"
EndProject
Global
	GlobalSection(SolutionConfigurationPlatforms) = preSolution
		Debug|Any CPU = Debug|Any CPU
		Release|Any CPU = Release|Any CPU
	EndGlobalSection
	GlobalSection(ProjectConfigurationPlatforms) = postSolution
		{79647CC5-C2C8-40D6-8114-7A34317404A4}.Debug|Any CPU.ActiveCfg = Debug|Any CPU
		{79647CC5-C2C8-40D6-8114-7A34317404A4}.Debug|Any CPU.Build.0 = Debug|Any CPU
		{79647CC5-C2C8-40D6-8114-7A34317404A4}.Release|Any CPU.ActiveCfg = Release|Any CPU
		{79647CC5-C2C8-40D6-8114-7A34317404A4}.Release|Any CPU.Build.0 = Release|Any CPU
	EndGlobalSection
	GlobalSection(SolutionProperties) = preSolution
		HideSolutionNode = FALSE
	EndGlobalSection
EndGlobal
